{
  "version": 4,
  "terraform_version": "1.3.5",
  "serial": 126,
  "lineage": "23554454-9192-296f-b2b9-e06c9323938d",
  "outputs": {},
  "resources": [
    {
      "module": "module.Subnet-appgw",
      "mode": "managed",
      "type": "azurerm_subnet",
      "name": "subnet",
      "provider": "provider[\"registry.terraform.io/hashicorp/azurerm\"]",
      "instances": [
        {
          "schema_version": 0,
          "attributes": {
            "address_prefixes": [
              "10.60.3.224/27"
            ],
            "delegation": [],
            "enforce_private_link_endpoint_network_policies": false,
            "enforce_private_link_service_network_policies": false,
            "id": "/subscriptions/e8760043-8652-49f9-b487-4b27daf3ec7a/resourceGroups/az104-06-rg1/providers/Microsoft.Network/virtualNetworks/az104-06-vnet01/subnets/Subnet-appgw",
            "name": "Subnet-appgw",
            "resource_group_name": "az104-06-rg1",
            "service_endpoint_policy_ids": [],
            "service_endpoints": [],
            "timeouts": null,
            "virtual_network_name": "az104-06-vnet01"
          },
          "sensitive_attributes": [],
          "private": "eyJlMmJmYjczMC1lY2FhLTExZTYtOGY4OC0zNDM2M2JjN2M0YzAiOnsiY3JlYXRlIjoxODAwMDAwMDAwMDAwLCJkZWxldGUiOjE4MDAwMDAwMDAwMDAsInJlYWQiOjMwMDAwMDAwMDAwMCwidXBkYXRlIjoxODAwMDAwMDAwMDAwfX0=",
          "dependencies": [
            "module.az104-06-vnet01.azurerm_virtual_network.vnet",
            "module.rg_az104_06_rg1.azurerm_resource_group.rg"
          ]
        }
      ]
    },
    {
      "module": "module.Subnet0_vnet01",
      "mode": "managed",
      "type": "azurerm_subnet",
      "name": "subnet",
      "provider": "provider[\"registry.terraform.io/hashicorp/azurerm\"]",
      "instances": [
        {
          "schema_version": 0,
          "attributes": {
            "address_prefixes": [
              "10.60.0.0/24"
            ],
            "delegation": [],
            "enforce_private_link_endpoint_network_policies": false,
            "enforce_private_link_service_network_policies": false,
            "id": "/subscriptions/e8760043-8652-49f9-b487-4b27daf3ec7a/resourceGroups/az104-06-rg1/providers/Microsoft.Network/virtualNetworks/az104-06-vnet01/subnets/Subnet0",
            "name": "Subnet0",
            "resource_group_name": "az104-06-rg1",
            "service_endpoint_policy_ids": [],
            "service_endpoints": [],
            "timeouts": null,
            "virtual_network_name": "az104-06-vnet01"
          },
          "sensitive_attributes": [],
          "private": "eyJlMmJmYjczMC1lY2FhLTExZTYtOGY4OC0zNDM2M2JjN2M0YzAiOnsiY3JlYXRlIjoxODAwMDAwMDAwMDAwLCJkZWxldGUiOjE4MDAwMDAwMDAwMDAsInJlYWQiOjMwMDAwMDAwMDAwMCwidXBkYXRlIjoxODAwMDAwMDAwMDAwfX0=",
          "dependencies": [
            "module.az104-06-vnet01.azurerm_virtual_network.vnet",
            "module.rg_az104_06_rg1.azurerm_resource_group.rg"
          ]
        }
      ]
    },
    {
      "module": "module.Subnet0_vnet2",
      "mode": "managed",
      "type": "azurerm_subnet",
      "name": "subnet",
      "provider": "provider[\"registry.terraform.io/hashicorp/azurerm\"]",
      "instances": [
        {
          "schema_version": 0,
          "attributes": {
            "address_prefixes": [
              "10.62.0.0/24"
            ],
            "delegation": [],
            "enforce_private_link_endpoint_network_policies": false,
            "enforce_private_link_service_network_policies": false,
            "id": "/subscriptions/e8760043-8652-49f9-b487-4b27daf3ec7a/resourceGroups/az104-06-rg1/providers/Microsoft.Network/virtualNetworks/az104-06-vnet2/subnets/Subnet0",
            "name": "Subnet0",
            "resource_group_name": "az104-06-rg1",
            "service_endpoint_policy_ids": [],
            "service_endpoints": [],
            "timeouts": null,
            "virtual_network_name": "az104-06-vnet2"
          },
          "sensitive_attributes": [],
          "private": "eyJlMmJmYjczMC1lY2FhLTExZTYtOGY4OC0zNDM2M2JjN2M0YzAiOnsiY3JlYXRlIjoxODAwMDAwMDAwMDAwLCJkZWxldGUiOjE4MDAwMDAwMDAwMDAsInJlYWQiOjMwMDAwMDAwMDAwMCwidXBkYXRlIjoxODAwMDAwMDAwMDAwfX0=",
          "dependencies": [
            "module.az104-06-vnet2.azurerm_virtual_network.vnet",
            "module.rg_az104_06_rg1.azurerm_resource_group.rg"
          ]
        }
      ]
    },
    {
      "module": "module.Subnet0_vnet3",
      "mode": "managed",
      "type": "azurerm_subnet",
      "name": "subnet",
      "provider": "provider[\"registry.terraform.io/hashicorp/azurerm\"]",
      "instances": [
        {
          "schema_version": 0,
          "attributes": {
            "address_prefixes": [
              "10.63.0.0/24"
            ],
            "delegation": [],
            "enforce_private_link_endpoint_network_policies": false,
            "enforce_private_link_service_network_policies": false,
            "id": "/subscriptions/e8760043-8652-49f9-b487-4b27daf3ec7a/resourceGroups/az104-06-rg1/providers/Microsoft.Network/virtualNetworks/az104-06-vnet3/subnets/Subnet0",
            "name": "Subnet0",
            "resource_group_name": "az104-06-rg1",
            "service_endpoint_policy_ids": [],
            "service_endpoints": [],
            "timeouts": null,
            "virtual_network_name": "az104-06-vnet3"
          },
          "sensitive_attributes": [],
          "private": "eyJlMmJmYjczMC1lY2FhLTExZTYtOGY4OC0zNDM2M2JjN2M0YzAiOnsiY3JlYXRlIjoxODAwMDAwMDAwMDAwLCJkZWxldGUiOjE4MDAwMDAwMDAwMDAsInJlYWQiOjMwMDAwMDAwMDAwMCwidXBkYXRlIjoxODAwMDAwMDAwMDAwfX0=",
          "dependencies": [
            "module.az104-06-vnet3.azurerm_virtual_network.vnet",
            "module.rg_az104_06_rg1.azurerm_resource_group.rg"
          ]
        }
      ]
    },
    {
      "module": "module.Subnet1",
      "mode": "managed",
      "type": "azurerm_subnet",
      "name": "subnet",
      "provider": "provider[\"registry.terraform.io/hashicorp/azurerm\"]",
      "instances": [
        {
          "schema_version": 0,
          "attributes": {
            "address_prefixes": [
              "10.60.1.0/24"
            ],
            "delegation": [],
            "enforce_private_link_endpoint_network_policies": false,
            "enforce_private_link_service_network_policies": false,
            "id": "/subscriptions/e8760043-8652-49f9-b487-4b27daf3ec7a/resourceGroups/az104-06-rg1/providers/Microsoft.Network/virtualNetworks/az104-06-vnet01/subnets/Subnet1",
            "name": "Subnet1",
            "resource_group_name": "az104-06-rg1",
            "service_endpoint_policy_ids": [],
            "service_endpoints": [],
            "timeouts": null,
            "virtual_network_name": "az104-06-vnet01"
          },
          "sensitive_attributes": [],
          "private": "eyJlMmJmYjczMC1lY2FhLTExZTYtOGY4OC0zNDM2M2JjN2M0YzAiOnsiY3JlYXRlIjoxODAwMDAwMDAwMDAwLCJkZWxldGUiOjE4MDAwMDAwMDAwMDAsInJlYWQiOjMwMDAwMDAwMDAwMCwidXBkYXRlIjoxODAwMDAwMDAwMDAwfX0=",
          "dependencies": [
            "module.az104-06-vnet01.azurerm_virtual_network.vnet",
            "module.rg_az104_06_rg1.azurerm_resource_group.rg"
          ]
        }
      ]
    },
    {
      "module": "module.az104-06-lb4",
      "mode": "managed",
      "type": "azurerm_lb",
      "name": "load_balancer",
      "provider": "provider[\"registry.terraform.io/hashicorp/azurerm\"]",
      "instances": [
        {
          "schema_version": 0,
          "attributes": {
            "edge_zone": "",
            "frontend_ip_configuration": [
              {
                "gateway_load_balancer_frontend_ip_configuration_id": "",
                "id": "/subscriptions/e8760043-8652-49f9-b487-4b27daf3ec7a/resourceGroups/az104-06-rg4/providers/Microsoft.Network/loadBalancers/az104-06-lb4/frontendIPConfigurations/az104-06-pip4",
                "inbound_nat_rules": [],
                "load_balancer_rules": [],
                "name": "az104-06-pip4",
                "outbound_rules": [],
                "private_ip_address": "",
                "private_ip_address_allocation": "Dynamic",
                "private_ip_address_version": "",
                "public_ip_address_id": "/subscriptions/e8760043-8652-49f9-b487-4b27daf3ec7a/resourceGroups/az104-06-rg4/providers/Microsoft.Network/publicIPAddresses/az104-06-pip4",
                "public_ip_prefix_id": "",
                "subnet_id": "",
                "zones": null
              }
            ],
            "id": "/subscriptions/e8760043-8652-49f9-b487-4b27daf3ec7a/resourceGroups/az104-06-rg4/providers/Microsoft.Network/loadBalancers/az104-06-lb4",
            "location": "canadacentral",
            "name": "az104-06-lb4",
            "private_ip_address": "",
            "private_ip_addresses": [],
            "resource_group_name": "az104-06-rg4",
            "sku": "Basic",
            "sku_tier": "Regional",
            "tags": null,
            "timeouts": null
          },
          "sensitive_attributes": [],
          "private": "eyJlMmJmYjczMC1lY2FhLTExZTYtOGY4OC0zNDM2M2JjN2M0YzAiOnsiY3JlYXRlIjoxODAwMDAwMDAwMDAwLCJkZWxldGUiOjE4MDAwMDAwMDAwMDAsInJlYWQiOjMwMDAwMDAwMDAwMCwidXBkYXRlIjoxODAwMDAwMDAwMDAwfX0=",
          "dependencies": [
            "module.az104-06-pip4.azurerm_public_ip.public_ip"
          ]
        }
      ]
    },
    {
      "module": "module.az104-06-pip4",
      "mode": "managed",
      "type": "azurerm_public_ip",
      "name": "public_ip",
      "provider": "provider[\"registry.terraform.io/hashicorp/azurerm\"]",
      "instances": [
        {
          "schema_version": 0,
          "attributes": {
            "allocation_method": "Static",
            "domain_name_label": null,
            "edge_zone": "",
            "fqdn": null,
            "id": "/subscriptions/e8760043-8652-49f9-b487-4b27daf3ec7a/resourceGroups/az104-06-rg4/providers/Microsoft.Network/publicIPAddresses/az104-06-pip4",
            "idle_timeout_in_minutes": 4,
            "ip_address": "4.204.185.35",
            "ip_tags": {},
            "ip_version": "IPv4",
            "location": "canadacentral",
            "name": "az104-06-pip4",
            "public_ip_prefix_id": null,
            "resource_group_name": "az104-06-rg4",
            "reverse_fqdn": null,
            "sku": "Basic",
            "sku_tier": "Regional",
            "tags": {},
            "timeouts": null,
            "zones": []
          },
          "sensitive_attributes": [],
          "private": "eyJlMmJmYjczMC1lY2FhLTExZTYtOGY4OC0zNDM2M2JjN2M0YzAiOnsiY3JlYXRlIjoxODAwMDAwMDAwMDAwLCJkZWxldGUiOjE4MDAwMDAwMDAwMDAsInJlYWQiOjMwMDAwMDAwMDAwMCwidXBkYXRlIjoxODAwMDAwMDAwMDAwfX0="
        }
      ]
    },
    {
      "module": "module.az104-06-pip5",
      "mode": "managed",
      "type": "azurerm_public_ip",
      "name": "public_ip",
      "provider": "provider[\"registry.terraform.io/hashicorp/azurerm\"]",
      "instances": [
        {
          "schema_version": 0,
          "attributes": {
            "allocation_method": "Static",
            "domain_name_label": null,
            "edge_zone": "",
            "fqdn": null,
            "id": "/subscriptions/e8760043-8652-49f9-b487-4b27daf3ec7a/resourceGroups/az104-06-rg5/providers/Microsoft.Network/publicIPAddresses/az104-06-pip5",
            "idle_timeout_in_minutes": 4,
            "ip_address": "4.204.187.131",
            "ip_tags": {},
            "ip_version": "IPv4",
            "location": "canadacentral",
            "name": "az104-06-pip5",
            "public_ip_prefix_id": null,
            "resource_group_name": "az104-06-rg5",
            "reverse_fqdn": null,
            "sku": "Basic",
            "sku_tier": "Regional",
            "tags": {},
            "timeouts": null,
            "zones": []
          },
          "sensitive_attributes": [],
          "private": "eyJlMmJmYjczMC1lY2FhLTExZTYtOGY4OC0zNDM2M2JjN2M0YzAiOnsiY3JlYXRlIjoxODAwMDAwMDAwMDAwLCJkZWxldGUiOjE4MDAwMDAwMDAwMDAsInJlYWQiOjMwMDAwMDAwMDAwMCwidXBkYXRlIjoxODAwMDAwMDAwMDAwfX0="
        }
      ]
    },
    {
      "module": "module.az104-06-vnet01",
      "mode": "managed",
      "type": "azurerm_virtual_network",
      "name": "vnet",
      "provider": "provider[\"registry.terraform.io/hashicorp/azurerm\"]",
      "instances": [
        {
          "schema_version": 0,
          "attributes": {
            "address_space": [
              "10.60.0.0/22"
            ],
            "bgp_community": "",
            "ddos_protection_plan": [],
            "dns_servers": [],
            "edge_zone": "",
            "flow_timeout_in_minutes": 0,
            "guid": "db40387b-f83c-411c-81c3-e01a7f74a179",
            "id": "/subscriptions/e8760043-8652-49f9-b487-4b27daf3ec7a/resourceGroups/az104-06-rg1/providers/Microsoft.Network/virtualNetworks/az104-06-vnet01",
            "location": "canadacentral",
            "name": "az104-06-vnet01",
            "resource_group_name": "az104-06-rg1",
            "subnet": [
              {
                "address_prefix": "10.60.0.0/24",
                "id": "/subscriptions/e8760043-8652-49f9-b487-4b27daf3ec7a/resourceGroups/az104-06-rg1/providers/Microsoft.Network/virtualNetworks/az104-06-vnet01/subnets/Subnet0",
                "name": "Subnet0",
                "security_group": ""
              },
              {
                "address_prefix": "10.60.1.0/24",
                "id": "/subscriptions/e8760043-8652-49f9-b487-4b27daf3ec7a/resourceGroups/az104-06-rg1/providers/Microsoft.Network/virtualNetworks/az104-06-vnet01/subnets/Subnet1",
                "name": "Subnet1",
                "security_group": ""
              },
              {
                "address_prefix": "10.60.3.224/27",
                "id": "/subscriptions/e8760043-8652-49f9-b487-4b27daf3ec7a/resourceGroups/az104-06-rg1/providers/Microsoft.Network/virtualNetworks/az104-06-vnet01/subnets/Subnet-appgw",
                "name": "Subnet-appgw",
                "security_group": ""
              }
            ],
            "tags": {
              "environment": "dev"
            },
            "timeouts": null
          },
          "sensitive_attributes": [],
          "private": "eyJlMmJmYjczMC1lY2FhLTExZTYtOGY4OC0zNDM2M2JjN2M0YzAiOnsiY3JlYXRlIjoxODAwMDAwMDAwMDAwLCJkZWxldGUiOjE4MDAwMDAwMDAwMDAsInJlYWQiOjMwMDAwMDAwMDAwMCwidXBkYXRlIjoxODAwMDAwMDAwMDAwfX0=",
          "dependencies": [
            "module.rg_az104_06_rg1.azurerm_resource_group.rg"
          ]
        }
      ]
    },
    {
      "module": "module.az104-06-vnet2",
      "mode": "managed",
      "type": "azurerm_virtual_network",
      "name": "vnet",
      "provider": "provider[\"registry.terraform.io/hashicorp/azurerm\"]",
      "instances": [
        {
          "schema_version": 0,
          "attributes": {
            "address_space": [
              "10.62.0.0/22"
            ],
            "bgp_community": "",
            "ddos_protection_plan": [],
            "dns_servers": [],
            "edge_zone": "",
            "flow_timeout_in_minutes": 0,
            "guid": "cf77c52b-e2af-4bc3-9614-c19988b52754",
            "id": "/subscriptions/e8760043-8652-49f9-b487-4b27daf3ec7a/resourceGroups/az104-06-rg1/providers/Microsoft.Network/virtualNetworks/az104-06-vnet2",
            "location": "canadacentral",
            "name": "az104-06-vnet2",
            "resource_group_name": "az104-06-rg1",
            "subnet": [
              {
                "address_prefix": "10.62.0.0/24",
                "id": "/subscriptions/e8760043-8652-49f9-b487-4b27daf3ec7a/resourceGroups/az104-06-rg1/providers/Microsoft.Network/virtualNetworks/az104-06-vnet2/subnets/Subnet0",
                "name": "Subnet0",
                "security_group": ""
              }
            ],
            "tags": {
              "environment": "kaan"
            },
            "timeouts": null
          },
          "sensitive_attributes": [],
          "private": "eyJlMmJmYjczMC1lY2FhLTExZTYtOGY4OC0zNDM2M2JjN2M0YzAiOnsiY3JlYXRlIjoxODAwMDAwMDAwMDAwLCJkZWxldGUiOjE4MDAwMDAwMDAwMDAsInJlYWQiOjMwMDAwMDAwMDAwMCwidXBkYXRlIjoxODAwMDAwMDAwMDAwfX0=",
          "dependencies": [
            "module.rg_az104_06_rg1.azurerm_resource_group.rg"
          ]
        }
      ]
    },
    {
      "module": "module.az104-06-vnet3",
      "mode": "managed",
      "type": "azurerm_virtual_network",
      "name": "vnet",
      "provider": "provider[\"registry.terraform.io/hashicorp/azurerm\"]",
      "instances": [
        {
          "schema_version": 0,
          "attributes": {
            "address_space": [
              "10.63.0.0/22"
            ],
            "bgp_community": "",
            "ddos_protection_plan": [],
            "dns_servers": [],
            "edge_zone": "",
            "flow_timeout_in_minutes": 0,
            "guid": "c081078e-6941-46aa-b177-296de969a7ab",
            "id": "/subscriptions/e8760043-8652-49f9-b487-4b27daf3ec7a/resourceGroups/az104-06-rg1/providers/Microsoft.Network/virtualNetworks/az104-06-vnet3",
            "location": "canadacentral",
            "name": "az104-06-vnet3",
            "resource_group_name": "az104-06-rg1",
            "subnet": [
              {
                "address_prefix": "10.63.0.0/24",
                "id": "/subscriptions/e8760043-8652-49f9-b487-4b27daf3ec7a/resourceGroups/az104-06-rg1/providers/Microsoft.Network/virtualNetworks/az104-06-vnet3/subnets/Subnet0",
                "name": "Subnet0",
                "security_group": ""
              }
            ],
            "tags": {
              "environment": "ops"
            },
            "timeouts": null
          },
          "sensitive_attributes": [],
          "private": "eyJlMmJmYjczMC1lY2FhLTExZTYtOGY4OC0zNDM2M2JjN2M0YzAiOnsiY3JlYXRlIjoxODAwMDAwMDAwMDAwLCJkZWxldGUiOjE4MDAwMDAwMDAwMDAsInJlYWQiOjMwMDAwMDAwMDAwMCwidXBkYXRlIjoxODAwMDAwMDAwMDAwfX0=",
          "dependencies": [
            "module.rg_az104_06_rg1.azurerm_resource_group.rg"
          ]
        }
      ]
    },
    {
      "module": "module.nic_vm0",
      "mode": "managed",
      "type": "azurerm_network_interface",
      "name": "nic",
      "provider": "provider[\"registry.terraform.io/hashicorp/azurerm\"]",
      "instances": [
        {
          "schema_version": 0,
          "attributes": {
            "applied_dns_servers": [],
            "dns_servers": [],
            "edge_zone": "",
            "enable_accelerated_networking": false,
            "enable_ip_forwarding": false,
            "id": "/subscriptions/e8760043-8652-49f9-b487-4b27daf3ec7a/resourceGroups/az104-06-rg1/providers/Microsoft.Network/networkInterfaces/nic_vm0",
            "internal_dns_name_label": "",
            "internal_domain_name_suffix": "pm2ebwz25aoedaod2anh43fbpb.ux.internal.cloudapp.net",
            "ip_configuration": [
              {
                "gateway_load_balancer_frontend_ip_configuration_id": "",
                "name": "internal",
                "primary": true,
                "private_ip_address": "10.60.0.4",
                "private_ip_address_allocation": "Dynamic",
                "private_ip_address_version": "IPv4",
                "public_ip_address_id": "",
                "subnet_id": "/subscriptions/e8760043-8652-49f9-b487-4b27daf3ec7a/resourceGroups/az104-06-rg1/providers/Microsoft.Network/virtualNetworks/az104-06-vnet01/subnets/Subnet0"
              }
            ],
            "location": "canadacentral",
            "mac_address": "60-45-BD-5F-C1-26",
            "name": "nic_vm0",
            "private_ip_address": "10.60.0.4",
            "private_ip_addresses": [
              "10.60.0.4"
            ],
            "resource_group_name": "az104-06-rg1",
            "tags": {},
            "timeouts": null,
            "virtual_machine_id": "/subscriptions/e8760043-8652-49f9-b487-4b27daf3ec7a/resourceGroups/az104-06-rg1/providers/Microsoft.Compute/virtualMachines/az104-06-vm0"
          },
          "sensitive_attributes": [],
          "private": "eyJlMmJmYjczMC1lY2FhLTExZTYtOGY4OC0zNDM2M2JjN2M0YzAiOnsiY3JlYXRlIjoxODAwMDAwMDAwMDAwLCJkZWxldGUiOjE4MDAwMDAwMDAwMDAsInJlYWQiOjMwMDAwMDAwMDAwMCwidXBkYXRlIjoxODAwMDAwMDAwMDAwfX0=",
          "dependencies": [
            "module.Subnet0_vnet01.azurerm_subnet.subnet",
            "module.az104-06-vnet01.azurerm_virtual_network.vnet",
            "module.rg_az104_06_rg1.azurerm_resource_group.rg"
          ]
        }
      ]
    },
    {
      "module": "module.nic_vm1",
      "mode": "managed",
      "type": "azurerm_network_interface",
      "name": "nic",
      "provider": "provider[\"registry.terraform.io/hashicorp/azurerm\"]",
      "instances": [
        {
          "schema_version": 0,
          "attributes": {
            "applied_dns_servers": [],
            "dns_servers": [],
            "edge_zone": "",
            "enable_accelerated_networking": false,
            "enable_ip_forwarding": false,
            "id": "/subscriptions/e8760043-8652-49f9-b487-4b27daf3ec7a/resourceGroups/az104-06-rg1/providers/Microsoft.Network/networkInterfaces/nic_vm1",
            "internal_dns_name_label": "",
            "internal_domain_name_suffix": "pm2ebwz25aoedaod2anh43fbpb.ux.internal.cloudapp.net",
            "ip_configuration": [
              {
                "gateway_load_balancer_frontend_ip_configuration_id": "",
                "name": "internal",
                "primary": true,
                "private_ip_address": "10.60.1.4",
                "private_ip_address_allocation": "Dynamic",
                "private_ip_address_version": "IPv4",
                "public_ip_address_id": "",
                "subnet_id": "/subscriptions/e8760043-8652-49f9-b487-4b27daf3ec7a/resourceGroups/az104-06-rg1/providers/Microsoft.Network/virtualNetworks/az104-06-vnet01/subnets/Subnet1"
              }
            ],
            "location": "canadacentral",
            "mac_address": "00-0D-3A-F3-94-45",
            "name": "nic_vm1",
            "private_ip_address": "10.60.1.4",
            "private_ip_addresses": [
              "10.60.1.4"
            ],
            "resource_group_name": "az104-06-rg1",
            "tags": {},
            "timeouts": null,
            "virtual_machine_id": "/subscriptions/e8760043-8652-49f9-b487-4b27daf3ec7a/resourceGroups/az104-06-rg1/providers/Microsoft.Compute/virtualMachines/az104-06-vm1"
          },
          "sensitive_attributes": [],
          "private": "eyJlMmJmYjczMC1lY2FhLTExZTYtOGY4OC0zNDM2M2JjN2M0YzAiOnsiY3JlYXRlIjoxODAwMDAwMDAwMDAwLCJkZWxldGUiOjE4MDAwMDAwMDAwMDAsInJlYWQiOjMwMDAwMDAwMDAwMCwidXBkYXRlIjoxODAwMDAwMDAwMDAwfX0=",
          "dependencies": [
            "module.Subnet1.azurerm_subnet.subnet",
            "module.az104-06-vnet01.azurerm_virtual_network.vnet",
            "module.rg_az104_06_rg1.azurerm_resource_group.rg"
          ]
        }
      ]
    },
    {
      "module": "module.nic_vm2",
      "mode": "managed",
      "type": "azurerm_network_interface",
      "name": "nic",
      "provider": "provider[\"registry.terraform.io/hashicorp/azurerm\"]",
      "instances": [
        {
          "schema_version": 0,
          "attributes": {
            "applied_dns_servers": [],
            "dns_servers": [],
            "edge_zone": "",
            "enable_accelerated_networking": false,
            "enable_ip_forwarding": false,
            "id": "/subscriptions/e8760043-8652-49f9-b487-4b27daf3ec7a/resourceGroups/az104-06-rg1/providers/Microsoft.Network/networkInterfaces/nic_vm2",
            "internal_dns_name_label": "",
            "internal_domain_name_suffix": "fpcxpt3p2lbuxfquygmyrnjhke.ux.internal.cloudapp.net",
            "ip_configuration": [
              {
                "gateway_load_balancer_frontend_ip_configuration_id": "",
                "name": "internal",
                "primary": true,
                "private_ip_address": "10.62.0.4",
                "private_ip_address_allocation": "Dynamic",
                "private_ip_address_version": "IPv4",
                "public_ip_address_id": "",
                "subnet_id": "/subscriptions/e8760043-8652-49f9-b487-4b27daf3ec7a/resourceGroups/az104-06-rg1/providers/Microsoft.Network/virtualNetworks/az104-06-vnet2/subnets/Subnet0"
              }
            ],
            "location": "canadacentral",
            "mac_address": "00-0D-3A-FF-1A-DC",
            "name": "nic_vm2",
            "private_ip_address": "10.62.0.4",
            "private_ip_addresses": [
              "10.62.0.4"
            ],
            "resource_group_name": "az104-06-rg1",
            "tags": {},
            "timeouts": null,
            "virtual_machine_id": "/subscriptions/e8760043-8652-49f9-b487-4b27daf3ec7a/resourceGroups/az104-06-rg1/providers/Microsoft.Compute/virtualMachines/az104-06-vm2"
          },
          "sensitive_attributes": [],
          "private": "eyJlMmJmYjczMC1lY2FhLTExZTYtOGY4OC0zNDM2M2JjN2M0YzAiOnsiY3JlYXRlIjoxODAwMDAwMDAwMDAwLCJkZWxldGUiOjE4MDAwMDAwMDAwMDAsInJlYWQiOjMwMDAwMDAwMDAwMCwidXBkYXRlIjoxODAwMDAwMDAwMDAwfX0=",
          "dependencies": [
            "module.Subnet0_vnet2.azurerm_subnet.subnet",
            "module.az104-06-vnet2.azurerm_virtual_network.vnet",
            "module.rg_az104_06_rg1.azurerm_resource_group.rg"
          ]
        }
      ]
    },
    {
      "module": "module.nic_vm3",
      "mode": "managed",
      "type": "azurerm_network_interface",
      "name": "nic",
      "provider": "provider[\"registry.terraform.io/hashicorp/azurerm\"]",
      "instances": [
        {
          "schema_version": 0,
          "attributes": {
            "applied_dns_servers": [],
            "dns_servers": [],
            "edge_zone": "",
            "enable_accelerated_networking": false,
            "enable_ip_forwarding": false,
            "id": "/subscriptions/e8760043-8652-49f9-b487-4b27daf3ec7a/resourceGroups/az104-06-rg1/providers/Microsoft.Network/networkInterfaces/nic_vm3",
            "internal_dns_name_label": "",
            "internal_domain_name_suffix": "rydydqcbngvenmlxffw4s0nhvd.ux.internal.cloudapp.net",
            "ip_configuration": [
              {
                "gateway_load_balancer_frontend_ip_configuration_id": "",
                "name": "internal",
                "primary": true,
                "private_ip_address": "10.63.0.4",
                "private_ip_address_allocation": "Dynamic",
                "private_ip_address_version": "IPv4",
                "public_ip_address_id": "",
                "subnet_id": "/subscriptions/e8760043-8652-49f9-b487-4b27daf3ec7a/resourceGroups/az104-06-rg1/providers/Microsoft.Network/virtualNetworks/az104-06-vnet3/subnets/Subnet0"
              }
            ],
            "location": "canadacentral",
            "mac_address": "00-0D-3A-FF-10-27",
            "name": "nic_vm3",
            "private_ip_address": "10.63.0.4",
            "private_ip_addresses": [
              "10.63.0.4"
            ],
            "resource_group_name": "az104-06-rg1",
            "tags": {},
            "timeouts": null,
            "virtual_machine_id": "/subscriptions/e8760043-8652-49f9-b487-4b27daf3ec7a/resourceGroups/az104-06-rg1/providers/Microsoft.Compute/virtualMachines/az104-06-vm3"
          },
          "sensitive_attributes": [],
          "private": "eyJlMmJmYjczMC1lY2FhLTExZTYtOGY4OC0zNDM2M2JjN2M0YzAiOnsiY3JlYXRlIjoxODAwMDAwMDAwMDAwLCJkZWxldGUiOjE4MDAwMDAwMDAwMDAsInJlYWQiOjMwMDAwMDAwMDAwMCwidXBkYXRlIjoxODAwMDAwMDAwMDAwfX0=",
          "dependencies": [
            "module.Subnet0_vnet3.azurerm_subnet.subnet",
            "module.az104-06-vnet3.azurerm_virtual_network.vnet",
            "module.rg_az104_06_rg1.azurerm_resource_group.rg"
          ]
        }
      ]
    },
    {
      "module": "module.rg_az104_06_rg1",
      "mode": "managed",
      "type": "azurerm_resource_group",
      "name": "rg",
      "provider": "provider[\"registry.terraform.io/hashicorp/azurerm\"]",
      "instances": [
        {
          "schema_version": 0,
          "attributes": {
            "id": "/subscriptions/e8760043-8652-49f9-b487-4b27daf3ec7a/resourceGroups/az104-06-rg1",
            "location": "canadacentral",
            "name": "az104-06-rg1",
            "tags": {},
            "timeouts": null
          },
          "sensitive_attributes": [],
          "private": "eyJlMmJmYjczMC1lY2FhLTExZTYtOGY4OC0zNDM2M2JjN2M0YzAiOnsiY3JlYXRlIjo1NDAwMDAwMDAwMDAwLCJkZWxldGUiOjU0MDAwMDAwMDAwMDAsInJlYWQiOjMwMDAwMDAwMDAwMCwidXBkYXRlIjo1NDAwMDAwMDAwMDAwfX0="
        }
      ]
    },
    {
      "module": "module.rg_az104_06_rg4",
      "mode": "managed",
      "type": "azurerm_resource_group",
      "name": "rg",
      "provider": "provider[\"registry.terraform.io/hashicorp/azurerm\"]",
      "instances": [
        {
          "schema_version": 0,
          "attributes": {
            "id": "/subscriptions/e8760043-8652-49f9-b487-4b27daf3ec7a/resourceGroups/az104-06-rg4",
            "location": "canadacentral",
            "name": "az104-06-rg4",
            "tags": {},
            "timeouts": null
          },
          "sensitive_attributes": [],
          "private": "eyJlMmJmYjczMC1lY2FhLTExZTYtOGY4OC0zNDM2M2JjN2M0YzAiOnsiY3JlYXRlIjo1NDAwMDAwMDAwMDAwLCJkZWxldGUiOjU0MDAwMDAwMDAwMDAsInJlYWQiOjMwMDAwMDAwMDAwMCwidXBkYXRlIjo1NDAwMDAwMDAwMDAwfX0="
        }
      ]
    },
    {
      "module": "module.rg_az104_06_rg5",
      "mode": "managed",
      "type": "azurerm_resource_group",
      "name": "rg",
      "provider": "provider[\"registry.terraform.io/hashicorp/azurerm\"]",
      "instances": [
        {
          "schema_version": 0,
          "attributes": {
            "id": "/subscriptions/e8760043-8652-49f9-b487-4b27daf3ec7a/resourceGroups/az104-06-rg5",
            "location": "canadacentral",
            "name": "az104-06-rg5",
            "tags": {},
            "timeouts": null
          },
          "sensitive_attributes": [],
          "private": "eyJlMmJmYjczMC1lY2FhLTExZTYtOGY4OC0zNDM2M2JjN2M0YzAiOnsiY3JlYXRlIjo1NDAwMDAwMDAwMDAwLCJkZWxldGUiOjU0MDAwMDAwMDAwMDAsInJlYWQiOjMwMDAwMDAwMDAwMCwidXBkYXRlIjo1NDAwMDAwMDAwMDAwfX0="
        }
      ]
    },
    {
      "module": "module.rt23",
      "mode": "managed",
      "type": "azurerm_route_table",
      "name": "route_table",
      "provider": "provider[\"registry.terraform.io/hashicorp/azurerm\"]",
      "instances": [
        {
          "schema_version": 0,
          "attributes": {
            "disable_bgp_route_propagation": false,
            "id": "/subscriptions/e8760043-8652-49f9-b487-4b27daf3ec7a/resourceGroups/az104-06-rg1/providers/Microsoft.Network/routeTables/az104-06-rt23",
            "location": "canadacentral",
            "name": "az104-06-rt23",
            "resource_group_name": "az104-06-rg1",
            "route": [
              {
                "address_prefix": "10.62.0.0/24",
                "name": "rt23-to-Subnet0_in_Vnet2",
                "next_hop_in_ip_address": "",
                "next_hop_type": "None"
              }
            ],
            "subnets": [],
            "tags": {},
            "timeouts": null
          },
          "sensitive_attributes": [],
          "private": "eyJlMmJmYjczMC1lY2FhLTExZTYtOGY4OC0zNDM2M2JjN2M0YzAiOnsiY3JlYXRlIjoxODAwMDAwMDAwMDAwLCJkZWxldGUiOjE4MDAwMDAwMDAwMDAsInJlYWQiOjMwMDAwMDAwMDAwMCwidXBkYXRlIjoxODAwMDAwMDAwMDAwfX0=",
          "dependencies": [
            "module.rg_az104_06_rg1.azurerm_resource_group.rg"
          ]
        }
      ]
    },
    {
      "module": "module.rt32",
      "mode": "managed",
      "type": "azurerm_route_table",
      "name": "route_table",
      "provider": "provider[\"registry.terraform.io/hashicorp/azurerm\"]",
      "instances": [
        {
          "schema_version": 0,
          "attributes": {
            "disable_bgp_route_propagation": false,
            "id": "/subscriptions/e8760043-8652-49f9-b487-4b27daf3ec7a/resourceGroups/az104-06-rg1/providers/Microsoft.Network/routeTables/az104-06-rt32",
            "location": "canadacentral",
            "name": "az104-06-rt32",
            "resource_group_name": "az104-06-rg1",
            "route": [
              {
                "address_prefix": "10.63.0.0/24",
                "name": "rt32-to-Subnet0_in_Vnet3",
                "next_hop_in_ip_address": "",
                "next_hop_type": "None"
              }
            ],
            "subnets": [],
            "tags": {},
            "timeouts": null
          },
          "sensitive_attributes": [],
          "private": "eyJlMmJmYjczMC1lY2FhLTExZTYtOGY4OC0zNDM2M2JjN2M0YzAiOnsiY3JlYXRlIjoxODAwMDAwMDAwMDAwLCJkZWxldGUiOjE4MDAwMDAwMDAwMDAsInJlYWQiOjMwMDAwMDAwMDAwMCwidXBkYXRlIjoxODAwMDAwMDAwMDAwfX0=",
          "dependencies": [
            "module.rg_az104_06_rg1.azurerm_resource_group.rg"
          ]
        }
      ]
    },
    {
      "module": "module.vm0",
      "mode": "managed",
      "type": "azurerm_windows_virtual_machine",
      "name": "vm",
      "provider": "provider[\"registry.terraform.io/hashicorp/azurerm\"]",
      "instances": [
        {
          "schema_version": 0,
          "attributes": {
            "additional_capabilities": [],
            "additional_unattend_content": [],
            "admin_password": "Kaan57919691@",
            "admin_username": "hkaanturgut",
            "allow_extension_operations": true,
            "availability_set_id": "",
            "boot_diagnostics": [],
            "computer_name": "az104-06-vm0",
            "custom_data": null,
            "dedicated_host_group_id": "",
            "dedicated_host_id": "",
            "edge_zone": "",
            "enable_automatic_updates": true,
            "encryption_at_host_enabled": false,
            "eviction_policy": "",
            "extensions_time_budget": "PT1H30M",
            "hotpatching_enabled": false,
            "id": "/subscriptions/e8760043-8652-49f9-b487-4b27daf3ec7a/resourceGroups/az104-06-rg1/providers/Microsoft.Compute/virtualMachines/az104-06-vm0",
            "identity": [],
            "license_type": "",
            "location": "canadacentral",
            "max_bid_price": -1,
            "name": "az104-06-vm0",
            "network_interface_ids": [
              "/subscriptions/e8760043-8652-49f9-b487-4b27daf3ec7a/resourceGroups/az104-06-rg1/providers/Microsoft.Network/networkInterfaces/nic_vm0"
            ],
            "os_disk": [
              {
                "caching": "ReadWrite",
                "diff_disk_settings": [],
                "disk_encryption_set_id": "",
                "disk_size_gb": 127,
                "name": "az104-06-vm0_OsDisk_1_3d48bc28add74ca59018935a3e749605",
                "storage_account_type": "Standard_LRS",
                "write_accelerator_enabled": false
              }
            ],
            "patch_mode": "AutomaticByOS",
            "plan": [],
            "platform_fault_domain": -1,
            "priority": "Regular",
            "private_ip_address": "10.60.0.4",
            "private_ip_addresses": [
              "10.60.0.4"
            ],
            "provision_vm_agent": true,
            "proximity_placement_group_id": "",
            "public_ip_address": "",
            "public_ip_addresses": [],
            "resource_group_name": "az104-06-rg1",
            "secret": [],
            "secure_boot_enabled": false,
            "size": "Standard_F2",
            "source_image_id": "",
            "source_image_reference": [
              {
                "offer": "WindowsServer",
                "publisher": "MicrosoftWindowsServer",
                "sku": "2016-Datacenter",
                "version": "latest"
              }
            ],
            "tags": {},
            "termination_notification": [],
            "timeouts": null,
            "timezone": "",
            "user_data": "",
            "virtual_machine_id": "faacaa57-84c1-41a9-a8ac-90a3c4792c91",
            "virtual_machine_scale_set_id": "",
            "vtpm_enabled": false,
            "winrm_listener": [],
            "zone": ""
          },
          "sensitive_attributes": [],
          "private": "eyJlMmJmYjczMC1lY2FhLTExZTYtOGY4OC0zNDM2M2JjN2M0YzAiOnsiY3JlYXRlIjoyNzAwMDAwMDAwMDAwLCJkZWxldGUiOjI3MDAwMDAwMDAwMDAsInJlYWQiOjMwMDAwMDAwMDAwMCwidXBkYXRlIjoyNzAwMDAwMDAwMDAwfX0=",
          "dependencies": [
            "module.Subnet0_vnet01.azurerm_subnet.subnet",
            "module.az104-06-vnet01.azurerm_virtual_network.vnet",
            "module.nic_vm0.azurerm_network_interface.nic",
            "module.rg_az104_06_rg1.azurerm_resource_group.rg"
          ]
        }
      ]
    },
    {
      "module": "module.vm1",
      "mode": "managed",
      "type": "azurerm_windows_virtual_machine",
      "name": "vm",
      "provider": "provider[\"registry.terraform.io/hashicorp/azurerm\"]",
      "instances": [
        {
          "schema_version": 0,
          "attributes": {
            "additional_capabilities": [],
            "additional_unattend_content": [],
            "admin_password": "Kaan57919691@",
            "admin_username": "hkaanturgut",
            "allow_extension_operations": true,
            "availability_set_id": "",
            "boot_diagnostics": [],
            "computer_name": "az104-06-vm1",
            "custom_data": null,
            "dedicated_host_group_id": "",
            "dedicated_host_id": "",
            "edge_zone": "",
            "enable_automatic_updates": true,
            "encryption_at_host_enabled": false,
            "eviction_policy": "",
            "extensions_time_budget": "PT1H30M",
            "hotpatching_enabled": false,
            "id": "/subscriptions/e8760043-8652-49f9-b487-4b27daf3ec7a/resourceGroups/az104-06-rg1/providers/Microsoft.Compute/virtualMachines/az104-06-vm1",
            "identity": [],
            "license_type": "",
            "location": "canadacentral",
            "max_bid_price": -1,
            "name": "az104-06-vm1",
            "network_interface_ids": [
              "/subscriptions/e8760043-8652-49f9-b487-4b27daf3ec7a/resourceGroups/az104-06-rg1/providers/Microsoft.Network/networkInterfaces/nic_vm1"
            ],
            "os_disk": [
              {
                "caching": "ReadWrite",
                "diff_disk_settings": [],
                "disk_encryption_set_id": "",
                "disk_size_gb": 127,
                "name": "az104-06-vm1_OsDisk_1_90afbefe685d4f139f37887c923a8b4b",
                "storage_account_type": "Standard_LRS",
                "write_accelerator_enabled": false
              }
            ],
            "patch_mode": "AutomaticByOS",
            "plan": [],
            "platform_fault_domain": -1,
            "priority": "Regular",
            "private_ip_address": "10.60.1.4",
            "private_ip_addresses": [
              "10.60.1.4"
            ],
            "provision_vm_agent": true,
            "proximity_placement_group_id": "",
            "public_ip_address": "",
            "public_ip_addresses": [],
            "resource_group_name": "az104-06-rg1",
            "secret": [],
            "secure_boot_enabled": false,
            "size": "Standard_F2",
            "source_image_id": "",
            "source_image_reference": [
              {
                "offer": "WindowsServer",
                "publisher": "MicrosoftWindowsServer",
                "sku": "2016-Datacenter",
                "version": "latest"
              }
            ],
            "tags": {},
            "termination_notification": [],
            "timeouts": null,
            "timezone": "",
            "user_data": "",
            "virtual_machine_id": "e6657a21-597e-49be-9962-f5a22ff14fff",
            "virtual_machine_scale_set_id": "",
            "vtpm_enabled": false,
            "winrm_listener": [],
            "zone": ""
          },
          "sensitive_attributes": [],
          "private": "eyJlMmJmYjczMC1lY2FhLTExZTYtOGY4OC0zNDM2M2JjN2M0YzAiOnsiY3JlYXRlIjoyNzAwMDAwMDAwMDAwLCJkZWxldGUiOjI3MDAwMDAwMDAwMDAsInJlYWQiOjMwMDAwMDAwMDAwMCwidXBkYXRlIjoyNzAwMDAwMDAwMDAwfX0=",
          "dependencies": [
            "module.Subnet1.azurerm_subnet.subnet",
            "module.az104-06-vnet01.azurerm_virtual_network.vnet",
            "module.nic_vm1.azurerm_network_interface.nic",
            "module.rg_az104_06_rg1.azurerm_resource_group.rg"
          ]
        }
      ]
    },
    {
      "module": "module.vm2",
      "mode": "managed",
      "type": "azurerm_windows_virtual_machine",
      "name": "vm",
      "provider": "provider[\"registry.terraform.io/hashicorp/azurerm\"]",
      "instances": [
        {
          "schema_version": 0,
          "attributes": {
            "additional_capabilities": [],
            "additional_unattend_content": [],
            "admin_password": "Kaan57919691@",
            "admin_username": "hkaanturgut",
            "allow_extension_operations": true,
            "availability_set_id": "",
            "boot_diagnostics": [],
            "computer_name": "az104-06-vm2",
            "custom_data": null,
            "dedicated_host_group_id": "",
            "dedicated_host_id": "",
            "edge_zone": "",
            "enable_automatic_updates": true,
            "encryption_at_host_enabled": false,
            "eviction_policy": "",
            "extensions_time_budget": "PT1H30M",
            "hotpatching_enabled": false,
            "id": "/subscriptions/e8760043-8652-49f9-b487-4b27daf3ec7a/resourceGroups/az104-06-rg1/providers/Microsoft.Compute/virtualMachines/az104-06-vm2",
            "identity": [],
            "license_type": "",
            "location": "canadacentral",
            "max_bid_price": -1,
            "name": "az104-06-vm2",
            "network_interface_ids": [
              "/subscriptions/e8760043-8652-49f9-b487-4b27daf3ec7a/resourceGroups/az104-06-rg1/providers/Microsoft.Network/networkInterfaces/nic_vm2"
            ],
            "os_disk": [
              {
                "caching": "ReadWrite",
                "diff_disk_settings": [],
                "disk_encryption_set_id": "",
                "disk_size_gb": 127,
                "name": "az104-06-vm2_OsDisk_1_10c3ae855cbd4ceaaec56e22a1193894",
                "storage_account_type": "Standard_LRS",
                "write_accelerator_enabled": false
              }
            ],
            "patch_mode": "AutomaticByOS",
            "plan": [],
            "platform_fault_domain": -1,
            "priority": "Regular",
            "private_ip_address": "10.62.0.4",
            "private_ip_addresses": [
              "10.62.0.4"
            ],
            "provision_vm_agent": true,
            "proximity_placement_group_id": "",
            "public_ip_address": "",
            "public_ip_addresses": [],
            "resource_group_name": "az104-06-rg1",
            "secret": [],
            "secure_boot_enabled": false,
            "size": "Standard_F2",
            "source_image_id": "",
            "source_image_reference": [
              {
                "offer": "WindowsServer",
                "publisher": "MicrosoftWindowsServer",
                "sku": "2016-Datacenter",
                "version": "latest"
              }
            ],
            "tags": {},
            "termination_notification": [],
            "timeouts": null,
            "timezone": "",
            "user_data": "",
            "virtual_machine_id": "e89db6f7-6ee4-43a6-a8bc-ac853b8a8ca0",
            "virtual_machine_scale_set_id": "",
            "vtpm_enabled": false,
            "winrm_listener": [],
            "zone": ""
          },
          "sensitive_attributes": [],
          "private": "eyJlMmJmYjczMC1lY2FhLTExZTYtOGY4OC0zNDM2M2JjN2M0YzAiOnsiY3JlYXRlIjoyNzAwMDAwMDAwMDAwLCJkZWxldGUiOjI3MDAwMDAwMDAwMDAsInJlYWQiOjMwMDAwMDAwMDAwMCwidXBkYXRlIjoyNzAwMDAwMDAwMDAwfX0=",
          "dependencies": [
            "module.Subnet0_vnet2.azurerm_subnet.subnet",
            "module.az104-06-vnet2.azurerm_virtual_network.vnet",
            "module.nic_vm2.azurerm_network_interface.nic",
            "module.rg_az104_06_rg1.azurerm_resource_group.rg"
          ]
        }
      ]
    },
    {
      "module": "module.vm3",
      "mode": "managed",
      "type": "azurerm_windows_virtual_machine",
      "name": "vm",
      "provider": "provider[\"registry.terraform.io/hashicorp/azurerm\"]",
      "instances": [
        {
          "schema_version": 0,
          "attributes": {
            "additional_capabilities": [],
            "additional_unattend_content": [],
            "admin_password": "Kaan57919691@",
            "admin_username": "hkaanturgut",
            "allow_extension_operations": true,
            "availability_set_id": "",
            "boot_diagnostics": [],
            "computer_name": "az104-06-vm3",
            "custom_data": null,
            "dedicated_host_group_id": "",
            "dedicated_host_id": "",
            "edge_zone": "",
            "enable_automatic_updates": true,
            "encryption_at_host_enabled": false,
            "eviction_policy": "",
            "extensions_time_budget": "PT1H30M",
            "hotpatching_enabled": false,
            "id": "/subscriptions/e8760043-8652-49f9-b487-4b27daf3ec7a/resourceGroups/az104-06-rg1/providers/Microsoft.Compute/virtualMachines/az104-06-vm3",
            "identity": [],
            "license_type": "",
            "location": "canadacentral",
            "max_bid_price": -1,
            "name": "az104-06-vm3",
            "network_interface_ids": [
              "/subscriptions/e8760043-8652-49f9-b487-4b27daf3ec7a/resourceGroups/az104-06-rg1/providers/Microsoft.Network/networkInterfaces/nic_vm3"
            ],
            "os_disk": [
              {
                "caching": "ReadWrite",
                "diff_disk_settings": [],
                "disk_encryption_set_id": "",
                "disk_size_gb": 127,
                "name": "az104-06-vm3_OsDisk_1_10955254fc65482a84e6f96e5c71e203",
                "storage_account_type": "Standard_LRS",
                "write_accelerator_enabled": false
              }
            ],
            "patch_mode": "AutomaticByOS",
            "plan": [],
            "platform_fault_domain": -1,
            "priority": "Regular",
            "private_ip_address": "10.63.0.4",
            "private_ip_addresses": [
              "10.63.0.4"
            ],
            "provision_vm_agent": true,
            "proximity_placement_group_id": "",
            "public_ip_address": "",
            "public_ip_addresses": [],
            "resource_group_name": "az104-06-rg1",
            "secret": [],
            "secure_boot_enabled": false,
            "size": "Standard_F2",
            "source_image_id": "",
            "source_image_reference": [
              {
                "offer": "WindowsServer",
                "publisher": "MicrosoftWindowsServer",
                "sku": "2016-Datacenter",
                "version": "latest"
              }
            ],
            "tags": {},
            "termination_notification": [],
            "timeouts": null,
            "timezone": "",
            "user_data": "",
            "virtual_machine_id": "a5bc9345-b82a-4b93-bdcc-0cddfea8cee2",
            "virtual_machine_scale_set_id": "",
            "vtpm_enabled": false,
            "winrm_listener": [],
            "zone": ""
          },
          "sensitive_attributes": [],
          "private": "eyJlMmJmYjczMC1lY2FhLTExZTYtOGY4OC0zNDM2M2JjN2M0YzAiOnsiY3JlYXRlIjoyNzAwMDAwMDAwMDAwLCJkZWxldGUiOjI3MDAwMDAwMDAwMDAsInJlYWQiOjMwMDAwMDAwMDAwMCwidXBkYXRlIjoyNzAwMDAwMDAwMDAwfX0=",
          "dependencies": [
            "module.Subnet0_vnet3.azurerm_subnet.subnet",
            "module.az104-06-vnet3.azurerm_virtual_network.vnet",
            "module.nic_vm3.azurerm_network_interface.nic",
            "module.rg_az104_06_rg1.azurerm_resource_group.rg"
          ]
        }
      ]
    },
    {
      "module": "module.vnet_peering_1_to_2",
      "mode": "managed",
      "type": "azurerm_virtual_network_peering",
      "name": "vnet_peering",
      "provider": "provider[\"registry.terraform.io/hashicorp/azurerm\"]",
      "instances": [
        {
          "schema_version": 0,
          "attributes": {
            "allow_forwarded_traffic": false,
            "allow_gateway_transit": false,
            "allow_virtual_network_access": true,
            "id": "/subscriptions/e8760043-8652-49f9-b487-4b27daf3ec7a/resourceGroups/az104-06-rg1/providers/Microsoft.Network/virtualNetworks/az104-06-vnet01/virtualNetworkPeerings/vnet01-to-vnet2",
            "name": "vnet01-to-vnet2",
            "remote_virtual_network_id": "/subscriptions/e8760043-8652-49f9-b487-4b27daf3ec7a/resourceGroups/az104-06-rg1/providers/Microsoft.Network/virtualNetworks/az104-06-vnet2",
            "resource_group_name": "az104-06-rg1",
            "timeouts": null,
            "use_remote_gateways": false,
            "virtual_network_name": "az104-06-vnet01"
          },
          "sensitive_attributes": [],
          "private": "eyJlMmJmYjczMC1lY2FhLTExZTYtOGY4OC0zNDM2M2JjN2M0YzAiOnsiY3JlYXRlIjoxODAwMDAwMDAwMDAwLCJkZWxldGUiOjE4MDAwMDAwMDAwMDAsInJlYWQiOjMwMDAwMDAwMDAwMCwidXBkYXRlIjoxODAwMDAwMDAwMDAwfX0=",
          "dependencies": [
            "module.az104-06-vnet2.azurerm_virtual_network.vnet",
            "module.rg_az104_06_rg1.azurerm_resource_group.rg"
          ]
        }
      ]
    },
    {
      "module": "module.vnet_peering_1_to_3",
      "mode": "managed",
      "type": "azurerm_virtual_network_peering",
      "name": "vnet_peering",
      "provider": "provider[\"registry.terraform.io/hashicorp/azurerm\"]",
      "instances": [
        {
          "schema_version": 0,
          "attributes": {
            "allow_forwarded_traffic": false,
            "allow_gateway_transit": false,
            "allow_virtual_network_access": true,
            "id": "/subscriptions/e8760043-8652-49f9-b487-4b27daf3ec7a/resourceGroups/az104-06-rg1/providers/Microsoft.Network/virtualNetworks/az104-06-vnet01/virtualNetworkPeerings/vnet01-to-vnet3",
            "name": "vnet01-to-vnet3",
            "remote_virtual_network_id": "/subscriptions/e8760043-8652-49f9-b487-4b27daf3ec7a/resourceGroups/az104-06-rg1/providers/Microsoft.Network/virtualNetworks/az104-06-vnet3",
            "resource_group_name": "az104-06-rg1",
            "timeouts": null,
            "use_remote_gateways": false,
            "virtual_network_name": "az104-06-vnet01"
          },
          "sensitive_attributes": [],
          "private": "eyJlMmJmYjczMC1lY2FhLTExZTYtOGY4OC0zNDM2M2JjN2M0YzAiOnsiY3JlYXRlIjoxODAwMDAwMDAwMDAwLCJkZWxldGUiOjE4MDAwMDAwMDAwMDAsInJlYWQiOjMwMDAwMDAwMDAwMCwidXBkYXRlIjoxODAwMDAwMDAwMDAwfX0=",
          "dependencies": [
            "module.az104-06-vnet3.azurerm_virtual_network.vnet",
            "module.rg_az104_06_rg1.azurerm_resource_group.rg"
          ]
        }
      ]
    },
    {
      "module": "module.vnet_peering_2_to_1",
      "mode": "managed",
      "type": "azurerm_virtual_network_peering",
      "name": "vnet_peering",
      "provider": "provider[\"registry.terraform.io/hashicorp/azurerm\"]",
      "instances": [
        {
          "schema_version": 0,
          "attributes": {
            "allow_forwarded_traffic": false,
            "allow_gateway_transit": false,
            "allow_virtual_network_access": true,
            "id": "/subscriptions/e8760043-8652-49f9-b487-4b27daf3ec7a/resourceGroups/az104-06-rg1/providers/Microsoft.Network/virtualNetworks/az104-06-vnet2/virtualNetworkPeerings/vnet2-to-vnet01",
            "name": "vnet2-to-vnet01",
            "remote_virtual_network_id": "/subscriptions/e8760043-8652-49f9-b487-4b27daf3ec7a/resourceGroups/az104-06-rg1/providers/Microsoft.Network/virtualNetworks/az104-06-vnet01",
            "resource_group_name": "az104-06-rg1",
            "timeouts": null,
            "use_remote_gateways": false,
            "virtual_network_name": "az104-06-vnet2"
          },
          "sensitive_attributes": [],
          "private": "eyJlMmJmYjczMC1lY2FhLTExZTYtOGY4OC0zNDM2M2JjN2M0YzAiOnsiY3JlYXRlIjoxODAwMDAwMDAwMDAwLCJkZWxldGUiOjE4MDAwMDAwMDAwMDAsInJlYWQiOjMwMDAwMDAwMDAwMCwidXBkYXRlIjoxODAwMDAwMDAwMDAwfX0=",
          "dependencies": [
            "module.az104-06-vnet01.azurerm_virtual_network.vnet",
            "module.rg_az104_06_rg1.azurerm_resource_group.rg"
          ]
        }
      ]
    },
    {
      "module": "module.vnet_peering_3_to_1",
      "mode": "managed",
      "type": "azurerm_virtual_network_peering",
      "name": "vnet_peering",
      "provider": "provider[\"registry.terraform.io/hashicorp/azurerm\"]",
      "instances": [
        {
          "schema_version": 0,
          "attributes": {
            "allow_forwarded_traffic": false,
            "allow_gateway_transit": false,
            "allow_virtual_network_access": true,
            "id": "/subscriptions/e8760043-8652-49f9-b487-4b27daf3ec7a/resourceGroups/az104-06-rg1/providers/Microsoft.Network/virtualNetworks/az104-06-vnet3/virtualNetworkPeerings/vnet3-to-vnet01",
            "name": "vnet3-to-vnet01",
            "remote_virtual_network_id": "/subscriptions/e8760043-8652-49f9-b487-4b27daf3ec7a/resourceGroups/az104-06-rg1/providers/Microsoft.Network/virtualNetworks/az104-06-vnet01",
            "resource_group_name": "az104-06-rg1",
            "timeouts": null,
            "use_remote_gateways": false,
            "virtual_network_name": "az104-06-vnet3"
          },
          "sensitive_attributes": [],
          "private": "eyJlMmJmYjczMC1lY2FhLTExZTYtOGY4OC0zNDM2M2JjN2M0YzAiOnsiY3JlYXRlIjoxODAwMDAwMDAwMDAwLCJkZWxldGUiOjE4MDAwMDAwMDAwMDAsInJlYWQiOjMwMDAwMDAwMDAwMCwidXBkYXRlIjoxODAwMDAwMDAwMDAwfX0=",
          "dependencies": [
            "module.az104-06-vnet01.azurerm_virtual_network.vnet",
            "module.rg_az104_06_rg1.azurerm_resource_group.rg"
          ]
        }
      ]
    }
  ],
  "check_results": null
}
